
Microsoft Visual Studio Solution File, Format Version 12.00
# Visual Studio Version 16
VisualStudioVersion = 16.0.29001.49
MinimumVisualStudioVersion = 10.0.40219.1
Project("{FAE04EC0-301F-11D3-BF4B-00C04F79EFBC}") = "SQLHelper", "SQLHelper.csproj", "{60916B1F-6AE1-42B1-B6FA-E76BA9C12E0C}"
EndProject
Global
	GlobalSection(SolutionConfigurationPlatforms) = preSolution
		Debug|Any CPU = Debug|Any CPU
		Release|Any CPU = Release|Any CPU
	EndGlobalSection
	GlobalSection(ProjectConfigurationPlatforms) = postSolution
		{60916B1F-6AE1-42B1-B6FA-E76BA9C12E0C}.Debug|Any CPU.ActiveCfg = Debug|Any CPU
		{60916B1F-6AE1-42B1-B6FA-E76BA9C12E0C}.Debug|Any CPU.Build.0 = Debug|Any CPU
		{60916B1F-6AE1-42B1-B6FA-E76BA9C12E0C}.Release|Any CPU.ActiveCfg = Release|Any CPU
		{60916B1F-6AE1-42B1-B6FA-E76BA9C12E0C}.Release|Any CPU.Build.0 = Release|Any CPU
	EndGlobalSection
	GlobalSection(SolutionProperties) = preSolution
		HideSolutionNode = FALSE
	EndGlobalSection
	GlobalSection(ExtensibilityGlobals) = postSolution
		SolutionGuid = {B639F33D-A3E5-4DDF-8F19-D54D367B75A3}
	EndGlobalSection
EndGlobal
